
Microsoft Visual Studio Solution File, Format Version 12.00
# Visual Studio Version 17
VisualStudioVersion = 17.9.34616.47
MinimumVisualStudioVersion = 10.0.40219.1
Project("{FAE04EC0-301F-11D3-BF4B-00C04F79EFBC}") = "salian_front", "salian_front.csproj", "{3970EC16-6DBE-4D4D-A5BB-4544B72EC6C8}"
EndProject
Global
	GlobalSection(SolutionConfigurationPlatforms) = preSolution
		Debug|Any CPU = Debug|Any CPU
		Release|Any CPU = Release|Any CPU
	EndGlobalSection
	GlobalSection(ProjectConfigurationPlatforms) = postSolution
		{3970EC16-6DBE-4D4D-A5BB-4544B72EC6C8}.Debug|Any CPU.ActiveCfg = Debug|Any CPU
		{3970EC16-6DBE-4D4D-A5BB-4544B72EC6C8}.Debug|Any CPU.Build.0 = Debug|Any CPU
		{3970EC16-6DBE-4D4D-A5BB-4544B72EC6C8}.Release|Any CPU.ActiveCfg = Release|Any CPU
		{3970EC16-6DBE-4D4D-A5BB-4544B72EC6C8}.Release|Any CPU.Build.0 = Release|Any CPU
	EndGlobalSection
	GlobalSection(SolutionProperties) = preSolution
		HideSolutionNode = FALSE
	EndGlobalSection
	GlobalSection(ExtensibilityGlobals) = postSolution
		SolutionGuid = {AA84DD7A-25E9-4FCC-A294-B0E99857731B}
	EndGlobalSection
EndGlobal
